{
    "name": "@moderepo/mode-data-state-user-app",
    "version": "0.2.4",
    "lockfileVersion": 2,
    "requires": true,
    "packages": {
        "": {
            "name": "@moderepo/mode-data-state-user-app",
            "version": "0.2.4",
            "license": "ISC",
            "dependencies": {
                "@moderepo/mode-apis": "^0.3.7",
                "@moderepo/mode-data-state-base": "^0.2.5",
                "immer": "^9.0.7",
                "re-reselect": "^4.0.0",
                "reselect": "^4.1.5"
            },
            "devDependencies": {
                "@types/react": "^17.0.38",
                "react": "^17.0.2",
                "react-dom": "^17.0.2",
                "typescript": "^4.5.4"
            },
            "peerDependencies": {
                "react": ">=17.0.2",
                "react-dom": ">=17.0.2"
            }
        },
        "node_modules/@moderepo/mode-apis": {
            "version": "0.3.7",
            "resolved": "https://npm.pkg.github.com/download/@moderepo/mode-apis/0.3.7/023d57939bf2678bf4f654b5f86d98d89f8ec975",
            "integrity": "sha512-GP+nxpWD65ghmD/V7SFztwzrBeyd2/gxypWMGTA1MGHDBCH4LBh+5gOcleK2Nn7+zT4KEmYW6XS2Xlad77FEng==",
            "license": "ISC",
            "dependencies": {
                "@moderepo/mode-apis-base": "^0.2.6",
                "axios": "^0.24.0"
            }
        },
        "node_modules/@moderepo/mode-apis-base": {
            "version": "0.2.6",
            "resolved": "https://npm.pkg.github.com/download/@moderepo/mode-apis-base/0.2.6/2caa2a970617fffae2ab82991f6d62d984d34c4c",
            "integrity": "sha512-5cUB7eGWiQcn5AuntlW8SFbpN+BnvKf2CZgSoELXQltm4YeUs0xbQKcEgScC3NmztDquwLPNoqWGNUID3RTmbQ==",
            "license": "ISC",
            "dependencies": {
                "axios": "^0.24.0"
            }
        },
        "node_modules/@moderepo/mode-data-state-base": {
            "version": "0.2.5",
            "resolved": "https://npm.pkg.github.com/download/@moderepo/mode-data-state-base/0.2.5/e392ac9a36cb21e9c81412fac7bc05097fa7dd80",
            "integrity": "sha512-D1ZpoB7kx1rI5a8cWBC0CU2F0XgC40nmA8CCC57CYD0QB7vKkIsXeDk1ks2uQH8y28+7jHy0y1RA/iiespoNBQ==",
            "license": "ISC",
            "dependencies": {
                "@moderepo/mode-apis-base": "^0.2.6",
                "immer": "^9.0.7",
                "reselect": "^4.1.5"
            },
            "peerDependencies": {
                "react": ">=17.0.2",
                "react-dom": ">=17.0.2"
            }
        },
        "node_modules/@types/prop-types": {
            "version": "15.7.5",
            "resolved": "https://registry.npmjs.org/@types/prop-types/-/prop-types-15.7.5.tgz",
            "integrity": "sha512-JCB8C6SnDoQf0cNycqd/35A7MjcnK+ZTqE7judS6o7utxUCg6imJg3QK2qzHKszlTjcj2cn+NwMB2i96ubpj7w==",
            "dev": true
        },
        "node_modules/@types/react": {
            "version": "17.0.52",
            "resolved": "https://registry.npmjs.org/@types/react/-/react-17.0.52.tgz",
            "integrity": "sha512-vwk8QqVODi0VaZZpDXQCmEmiOuyjEFPY7Ttaw5vjM112LOq37yz1CDJGrRJwA1fYEq4Iitd5rnjd1yWAc/bT+A==",
            "dev": true,
            "dependencies": {
                "@types/prop-types": "*",
                "@types/scheduler": "*",
                "csstype": "^3.0.2"
            }
        },
        "node_modules/@types/scheduler": {
            "version": "0.16.2",
            "resolved": "https://registry.npmjs.org/@types/scheduler/-/scheduler-0.16.2.tgz",
            "integrity": "sha512-hppQEBDmlwhFAXKJX2KnWLYu5yMfi91yazPb2l+lbJiwW+wdo1gNeRA+3RgNSO39WYX2euey41KEwnqesU2Jew==",
            "dev": true
        },
        "node_modules/axios": {
            "version": "0.24.0",
            "resolved": "https://registry.npmjs.org/axios/-/axios-0.24.0.tgz",
            "integrity": "sha512-Q6cWsys88HoPgAaFAVUb0WpPk0O8iTeisR9IMqy9G8AbO4NlpVknrnQS03zzF9PGAWgO3cgletO3VjV/P7VztA==",
            "dependencies": {
                "follow-redirects": "^1.14.4"
            }
        },
        "node_modules/csstype": {
            "version": "3.1.1",
            "resolved": "https://registry.npmjs.org/csstype/-/csstype-3.1.1.tgz",
            "integrity": "sha512-DJR/VvkAvSZW9bTouZue2sSxDwdTN92uHjqeKVm+0dAqdfNykRzQ95tay8aXMBAAPpUiq4Qcug2L7neoRh2Egw==",
            "dev": true
        },
        "node_modules/follow-redirects": {
            "version": "1.15.2",
            "resolved": "https://registry.npmjs.org/follow-redirects/-/follow-redirects-1.15.2.tgz",
            "integrity": "sha512-VQLG33o04KaQ8uYi2tVNbdrWp1QWxNNea+nmIB4EVM28v0hmP17z7aG1+wAkNzVq4KeXTq3221ye5qTJP91JwA==",
            "funding": [
                {
                    "type": "individual",
                    "url": "https://github.com/sponsors/RubenVerborgh"
                }
            ],
            "engines": {
                "node": ">=4.0"
            },
            "peerDependenciesMeta": {
                "debug": {
                    "optional": true
                }
            }
        },
        "node_modules/immer": {
            "version": "9.0.17",
            "resolved": "https://registry.npmjs.org/immer/-/immer-9.0.17.tgz",
            "integrity": "sha512-+hBruaLSQvkPfxRiTLK/mi4vLH+/VQS6z2KJahdoxlleFOI8ARqzOF17uy12eFDlqWmPoygwc5evgwcp+dlHhg==",
            "funding": {
                "type": "opencollective",
                "url": "https://opencollective.com/immer"
            }
        },
        "node_modules/js-tokens": {
            "version": "4.0.0",
            "resolved": "https://registry.npmjs.org/js-tokens/-/js-tokens-4.0.0.tgz",
            "integrity": "sha512-RdJUflcE3cUzKiMqQgsCu06FPu9UdIJO0beYbPhHN4k6apgJtifcoCtT9bcxOpYBtpD2kCM6Sbzg4CausW/PKQ=="
        },
        "node_modules/loose-envify": {
            "version": "1.4.0",
            "resolved": "https://registry.npmjs.org/loose-envify/-/loose-envify-1.4.0.tgz",
            "integrity": "sha512-lyuxPGr/Wfhrlem2CL/UcnUc1zcqKAImBDzukY7Y5F/yQiNdko6+fRLevlw1HgMySw7f611UIY408EtxRSoK3Q==",
            "dependencies": {
                "js-tokens": "^3.0.0 || ^4.0.0"
            },
            "bin": {
                "loose-envify": "cli.js"
            }
        },
        "node_modules/object-assign": {
            "version": "4.1.1",
            "resolved": "https://registry.npmjs.org/object-assign/-/object-assign-4.1.1.tgz",
            "integrity": "sha512-rJgTQnkUnH1sFw8yT6VSU3zD3sWmu6sZhIseY8VX+GRu3P6F7Fu+JNDoXfklElbLJSnc3FUQHVe4cU5hj+BcUg==",
            "engines": {
                "node": ">=0.10.0"
            }
        },
        "node_modules/re-reselect": {
            "version": "4.0.1",
            "resolved": "https://registry.npmjs.org/re-reselect/-/re-reselect-4.0.1.tgz",
            "integrity": "sha512-xVTNGQy/dAxOolunBLmVMGZ49VUUR1s8jZUiJQb+g1sI63GAv9+a5Jas9yHvdxeUgiZkU9r3gDExDorxHzOgRA==",
            "peerDependencies": {
                "reselect": ">1.0.0"
            }
        },
        "node_modules/react": {
            "version": "17.0.2",
            "resolved": "https://registry.npmjs.org/react/-/react-17.0.2.tgz",
            "integrity": "sha512-gnhPt75i/dq/z3/6q/0asP78D0u592D5L1pd7M8P+dck6Fu/jJeL6iVVK23fptSUZj8Vjf++7wXA8UNclGQcbA==",
            "dependencies": {
                "loose-envify": "^1.1.0",
                "object-assign": "^4.1.1"
            },
            "engines": {
                "node": ">=0.10.0"
            }
        },
        "node_modules/react-dom": {
            "version": "17.0.2",
            "resolved": "https://registry.npmjs.org/react-dom/-/react-dom-17.0.2.tgz",
            "integrity": "sha512-s4h96KtLDUQlsENhMn1ar8t2bEa+q/YAtj8pPPdIjPDGBDIVNsrD9aXNWqspUe6AzKCIG0C1HZZLqLV7qpOBGA==",
            "dependencies": {
                "loose-envify": "^1.1.0",
                "object-assign": "^4.1.1",
                "scheduler": "^0.20.2"
            },
            "peerDependencies": {
                "react": "17.0.2"
            }
        },
        "node_modules/reselect": {
            "version": "4.1.7",
            "resolved": "https://registry.npmjs.org/reselect/-/reselect-4.1.7.tgz",
            "integrity": "sha512-Zu1xbUt3/OPwsXL46hvOOoQrap2azE7ZQbokq61BQfiXvhewsKDwhMeZjTX9sX0nvw1t/U5Audyn1I9P/m9z0A=="
        },
        "node_modules/scheduler": {
            "version": "0.20.2",
            "resolved": "https://registry.npmjs.org/scheduler/-/scheduler-0.20.2.tgz",
            "integrity": "sha512-2eWfGgAqqWFGqtdMmcL5zCMK1U8KlXv8SQFGglL3CEtd0aDVDWgeF/YoCmvln55m5zSk3J/20hTaSBeSObsQDQ==",
            "dependencies": {
                "loose-envify": "^1.1.0",
                "object-assign": "^4.1.1"
            }
        },
        "node_modules/typescript": {
            "version": "4.9.4",
            "resolved": "https://registry.npmjs.org/typescript/-/typescript-4.9.4.tgz",
            "integrity": "sha512-Uz+dTXYzxXXbsFpM86Wh3dKCxrQqUcVMxwU54orwlJjOpO3ao8L7j5lH+dWfTwgCwIuM9GQ2kvVotzYJMXTBZg==",
            "dev": true,
            "bin": {
                "tsc": "bin/tsc",
                "tsserver": "bin/tsserver"
            },
            "engines": {
                "node": ">=4.2.0"
            }
        }
    },
    "dependencies": {
        "@moderepo/mode-apis": {
            "version": "0.3.7",
            "resolved": "https://npm.pkg.github.com/download/@moderepo/mode-apis/0.3.7/023d57939bf2678bf4f654b5f86d98d89f8ec975",
            "integrity": "sha512-GP+nxpWD65ghmD/V7SFztwzrBeyd2/gxypWMGTA1MGHDBCH4LBh+5gOcleK2Nn7+zT4KEmYW6XS2Xlad77FEng==",
            "requires": {
                "@moderepo/mode-apis-base": "^0.2.6",
                "axios": "^0.24.0"
            }
        },
        "@moderepo/mode-apis-base": {
            "version": "0.2.6",
            "resolved": "https://npm.pkg.github.com/download/@moderepo/mode-apis-base/0.2.6/2caa2a970617fffae2ab82991f6d62d984d34c4c",
            "integrity": "sha512-5cUB7eGWiQcn5AuntlW8SFbpN+BnvKf2CZgSoELXQltm4YeUs0xbQKcEgScC3NmztDquwLPNoqWGNUID3RTmbQ==",
            "requires": {
                "axios": "^0.24.0"
            }
        },
        "@moderepo/mode-data-state-base": {
            "version": "0.2.5",
            "resolved": "https://npm.pkg.github.com/download/@moderepo/mode-data-state-base/0.2.5/e392ac9a36cb21e9c81412fac7bc05097fa7dd80",
            "integrity": "sha512-D1ZpoB7kx1rI5a8cWBC0CU2F0XgC40nmA8CCC57CYD0QB7vKkIsXeDk1ks2uQH8y28+7jHy0y1RA/iiespoNBQ==",
            "requires": {
                "@moderepo/mode-apis-base": "^0.2.6",
                "immer": "^9.0.7",
                "reselect": "^4.1.5"
            }
        },
        "@types/prop-types": {
            "version": "15.7.5",
            "resolved": "https://registry.npmjs.org/@types/prop-types/-/prop-types-15.7.5.tgz",
            "integrity": "sha512-JCB8C6SnDoQf0cNycqd/35A7MjcnK+ZTqE7judS6o7utxUCg6imJg3QK2qzHKszlTjcj2cn+NwMB2i96ubpj7w==",
            "dev": true
        },
        "@types/react": {
            "version": "17.0.52",
            "resolved": "https://registry.npmjs.org/@types/react/-/react-17.0.52.tgz",
            "integrity": "sha512-vwk8QqVODi0VaZZpDXQCmEmiOuyjEFPY7Ttaw5vjM112LOq37yz1CDJGrRJwA1fYEq4Iitd5rnjd1yWAc/bT+A==",
            "dev": true,
            "requires": {
                "@types/prop-types": "*",
                "@types/scheduler": "*",
                "csstype": "^3.0.2"
            }
        },
        "@types/scheduler": {
            "version": "0.16.2",
            "resolved": "https://registry.npmjs.org/@types/scheduler/-/scheduler-0.16.2.tgz",
            "integrity": "sha512-hppQEBDmlwhFAXKJX2KnWLYu5yMfi91yazPb2l+lbJiwW+wdo1gNeRA+3RgNSO39WYX2euey41KEwnqesU2Jew==",
            "dev": true
        },
        "axios": {
            "version": "0.24.0",
            "resolved": "https://registry.npmjs.org/axios/-/axios-0.24.0.tgz",
            "integrity": "sha512-Q6cWsys88HoPgAaFAVUb0WpPk0O8iTeisR9IMqy9G8AbO4NlpVknrnQS03zzF9PGAWgO3cgletO3VjV/P7VztA==",
            "requires": {
                "follow-redirects": "^1.14.4"
            }
        },
        "csstype": {
            "version": "3.1.1",
            "resolved": "https://registry.npmjs.org/csstype/-/csstype-3.1.1.tgz",
            "integrity": "sha512-DJR/VvkAvSZW9bTouZue2sSxDwdTN92uHjqeKVm+0dAqdfNykRzQ95tay8aXMBAAPpUiq4Qcug2L7neoRh2Egw==",
            "dev": true
        },
        "follow-redirects": {
            "version": "1.15.2",
            "resolved": "https://registry.npmjs.org/follow-redirects/-/follow-redirects-1.15.2.tgz",
            "integrity": "sha512-VQLG33o04KaQ8uYi2tVNbdrWp1QWxNNea+nmIB4EVM28v0hmP17z7aG1+wAkNzVq4KeXTq3221ye5qTJP91JwA=="
        },
        "immer": {
            "version": "9.0.17",
            "resolved": "https://registry.npmjs.org/immer/-/immer-9.0.17.tgz",
            "integrity": "sha512-+hBruaLSQvkPfxRiTLK/mi4vLH+/VQS6z2KJahdoxlleFOI8ARqzOF17uy12eFDlqWmPoygwc5evgwcp+dlHhg=="
        },
        "js-tokens": {
            "version": "4.0.0",
            "resolved": "https://registry.npmjs.org/js-tokens/-/js-tokens-4.0.0.tgz",
            "integrity": "sha512-RdJUflcE3cUzKiMqQgsCu06FPu9UdIJO0beYbPhHN4k6apgJtifcoCtT9bcxOpYBtpD2kCM6Sbzg4CausW/PKQ=="
        },
        "loose-envify": {
            "version": "1.4.0",
            "resolved": "https://registry.npmjs.org/loose-envify/-/loose-envify-1.4.0.tgz",
            "integrity": "sha512-lyuxPGr/Wfhrlem2CL/UcnUc1zcqKAImBDzukY7Y5F/yQiNdko6+fRLevlw1HgMySw7f611UIY408EtxRSoK3Q==",
            "requires": {
                "js-tokens": "^3.0.0 || ^4.0.0"
            }
        },
        "object-assign": {
            "version": "4.1.1",
            "resolved": "https://registry.npmjs.org/object-assign/-/object-assign-4.1.1.tgz",
            "integrity": "sha512-rJgTQnkUnH1sFw8yT6VSU3zD3sWmu6sZhIseY8VX+GRu3P6F7Fu+JNDoXfklElbLJSnc3FUQHVe4cU5hj+BcUg=="
        },
        "re-reselect": {
            "version": "4.0.1",
            "resolved": "https://registry.npmjs.org/re-reselect/-/re-reselect-4.0.1.tgz",
            "integrity": "sha512-xVTNGQy/dAxOolunBLmVMGZ49VUUR1s8jZUiJQb+g1sI63GAv9+a5Jas9yHvdxeUgiZkU9r3gDExDorxHzOgRA==",
            "requires": {}
        },
        "react": {
            "version": "17.0.2",
            "resolved": "https://registry.npmjs.org/react/-/react-17.0.2.tgz",
            "integrity": "sha512-gnhPt75i/dq/z3/6q/0asP78D0u592D5L1pd7M8P+dck6Fu/jJeL6iVVK23fptSUZj8Vjf++7wXA8UNclGQcbA==",
            "requires": {
                "loose-envify": "^1.1.0",
                "object-assign": "^4.1.1"
            }
        },
        "react-dom": {
            "version": "17.0.2",
            "resolved": "https://registry.npmjs.org/react-dom/-/react-dom-17.0.2.tgz",
            "integrity": "sha512-s4h96KtLDUQlsENhMn1ar8t2bEa+q/YAtj8pPPdIjPDGBDIVNsrD9aXNWqspUe6AzKCIG0C1HZZLqLV7qpOBGA==",
            "requires": {
                "loose-envify": "^1.1.0",
                "object-assign": "^4.1.1",
                "scheduler": "^0.20.2"
            }
        },
        "reselect": {
            "version": "4.1.7",
            "resolved": "https://registry.npmjs.org/reselect/-/reselect-4.1.7.tgz",
            "integrity": "sha512-Zu1xbUt3/OPwsXL46hvOOoQrap2azE7ZQbokq61BQfiXvhewsKDwhMeZjTX9sX0nvw1t/U5Audyn1I9P/m9z0A=="
        },
        "scheduler": {
            "version": "0.20.2",
            "resolved": "https://registry.npmjs.org/scheduler/-/scheduler-0.20.2.tgz",
            "integrity": "sha512-2eWfGgAqqWFGqtdMmcL5zCMK1U8KlXv8SQFGglL3CEtd0aDVDWgeF/YoCmvln55m5zSk3J/20hTaSBeSObsQDQ==",
            "requires": {
                "loose-envify": "^1.1.0",
                "object-assign": "^4.1.1"
            }
        },
        "typescript": {
            "version": "4.9.4",
            "resolved": "https://registry.npmjs.org/typescript/-/typescript-4.9.4.tgz",
            "integrity": "sha512-Uz+dTXYzxXXbsFpM86Wh3dKCxrQqUcVMxwU54orwlJjOpO3ao8L7j5lH+dWfTwgCwIuM9GQ2kvVotzYJMXTBZg==",
            "dev": true
        }
    }
}
