{
    "name": "@moderepo/mode-data-state-user-app",
    "version": "0.1.6",
    "lockfileVersion": 1,
    "requires": true,
    "dependencies": {
        "@moderepo/mode-apis": {
            "version": "0.2.9",
            "resolved": "https://npm.pkg.github.com/download/@moderepo/mode-apis/0.2.9/a30e2c2ffb4341a635862f5c5b3b4e88515d30b304737bb70834a2fbeb8b4b00",
            "integrity": "sha512-9ibnPDFTGPaVpgpBGx/ezQMDLsi23MTKvwNyjhW/q6ULGg8FlxnrJlp9BsF5rTLSK1GCKqKAZiX+Cutc9Y68lQ==",
            "requires": {
                "@moderepo/mode-apis-base": "^0.1.6",
                "axios": "^0.24.0"
            }
        },
        "@moderepo/mode-apis-base": {
            "version": "0.1.6",
            "resolved": "https://npm.pkg.github.com/download/@moderepo/mode-apis-base/0.1.6/e6ebdec55ea536609315000f057fee5b049671149502eccb6a53aa7927042ad8",
            "integrity": "sha512-0fvQkWlKIWZErHvdXCzda5gzRv0w7tNUafZ5BvPT3mpl9Lq3zJ4nk2IzSytbuu2pm2zigZCFN9v6aSODzqnW5A==",
            "requires": {
                "axios": "^0.24.0"
            }
        },
        "@moderepo/mode-data-state-base": {
            "version": "0.1.6",
            "resolved": "https://npm.pkg.github.com/download/@moderepo/mode-data-state-base/0.1.6/062e1704f9fbe30798c7999bc86d841865b70ba9958d8c182a04f80f9eecb428",
            "integrity": "sha512-gCfhh45WryrrWh7wMwKz3qW4P2TQ4BD+EHNHXZu+ABvIcMF5VfU6o+65cKv9Z7DNkC+HPlEdWLuVgiTaKP80Nw==",
            "requires": {
                "@moderepo/mode-apis-base": "^0.1.6",
                "immer": "^9.0.7",
                "reselect": "^4.1.5"
            }
        },
        "@types/prop-types": {
            "version": "15.7.4",
            "resolved": "https://registry.npmjs.org/@types/prop-types/-/prop-types-15.7.4.tgz",
            "integrity": "sha512-rZ5drC/jWjrArrS8BR6SIr4cWpW09RNTYt9AMZo3Jwwif+iacXAqgVjm0B0Bv/S1jhDXKHqRVNCbACkJ89RAnQ==",
            "dev": true
        },
        "@types/react": {
            "version": "17.0.38",
            "resolved": "https://registry.npmjs.org/@types/react/-/react-17.0.38.tgz",
            "integrity": "sha512-SI92X1IA+FMnP3qM5m4QReluXzhcmovhZnLNm3pyeQlooi02qI7sLiepEYqT678uNiyc25XfCqxREFpy3W7YhQ==",
            "dev": true,
            "requires": {
                "@types/prop-types": "*",
                "@types/scheduler": "*",
                "csstype": "^3.0.2"
            }
        },
        "@types/scheduler": {
            "version": "0.16.2",
            "resolved": "https://registry.npmjs.org/@types/scheduler/-/scheduler-0.16.2.tgz",
            "integrity": "sha512-hppQEBDmlwhFAXKJX2KnWLYu5yMfi91yazPb2l+lbJiwW+wdo1gNeRA+3RgNSO39WYX2euey41KEwnqesU2Jew==",
            "dev": true
        },
        "axios": {
            "version": "0.24.0",
            "resolved": "https://registry.npmjs.org/axios/-/axios-0.24.0.tgz",
            "integrity": "sha512-Q6cWsys88HoPgAaFAVUb0WpPk0O8iTeisR9IMqy9G8AbO4NlpVknrnQS03zzF9PGAWgO3cgletO3VjV/P7VztA==",
            "requires": {
                "follow-redirects": "^1.14.4"
            }
        },
        "csstype": {
            "version": "3.0.10",
            "resolved": "https://registry.npmjs.org/csstype/-/csstype-3.0.10.tgz",
            "integrity": "sha512-2u44ZG2OcNUO9HDp/Jl8C07x6pU/eTR3ncV91SiK3dhG9TWvRVsCoJw14Ckx5DgWkzGA3waZWO3d7pgqpUI/XA==",
            "dev": true
        },
        "follow-redirects": {
            "version": "1.15.1",
            "resolved": "https://registry.npmjs.org/follow-redirects/-/follow-redirects-1.15.1.tgz",
            "integrity": "sha512-yLAMQs+k0b2m7cVxpS1VKJVvoz7SS9Td1zss3XRwXj+ZDH00RJgnuLx7E44wx02kQLrdM3aOOy+FpzS7+8OizA=="
        },
        "immer": {
            "version": "9.0.7",
            "resolved": "https://registry.npmjs.org/immer/-/immer-9.0.7.tgz",
            "integrity": "sha512-KGllzpbamZDvOIxnmJ0jI840g7Oikx58lBPWV0hUh7dtAyZpFqqrBZdKka5GlTwMTZ1Tjc/bKKW4VSFAt6BqMA=="
        },
        "js-tokens": {
            "version": "4.0.0",
            "resolved": "https://registry.npmjs.org/js-tokens/-/js-tokens-4.0.0.tgz",
            "integrity": "sha512-RdJUflcE3cUzKiMqQgsCu06FPu9UdIJO0beYbPhHN4k6apgJtifcoCtT9bcxOpYBtpD2kCM6Sbzg4CausW/PKQ==",
            "dev": true
        },
        "loose-envify": {
            "version": "1.4.0",
            "resolved": "https://registry.npmjs.org/loose-envify/-/loose-envify-1.4.0.tgz",
            "integrity": "sha512-lyuxPGr/Wfhrlem2CL/UcnUc1zcqKAImBDzukY7Y5F/yQiNdko6+fRLevlw1HgMySw7f611UIY408EtxRSoK3Q==",
            "dev": true,
            "requires": {
                "js-tokens": "^3.0.0 || ^4.0.0"
            }
        },
        "object-assign": {
            "version": "4.1.1",
            "resolved": "https://registry.npmjs.org/object-assign/-/object-assign-4.1.1.tgz",
            "integrity": "sha1-IQmtx5ZYh8/AXLvUQsrIv7s2CGM=",
            "dev": true
        },
        "re-reselect": {
            "version": "4.0.0",
            "resolved": "https://registry.npmjs.org/re-reselect/-/re-reselect-4.0.0.tgz",
            "integrity": "sha512-wuygyq8TXUlSdVXv2kigXxQNOgdb9m7LbIjwfTNGSpaY1riLd5e+VeQjlQMyUtrk0oiyhi1AqIVynworl3qxHA=="
        },
        "react": {
            "version": "17.0.2",
            "resolved": "https://registry.npmjs.org/react/-/react-17.0.2.tgz",
            "integrity": "sha512-gnhPt75i/dq/z3/6q/0asP78D0u592D5L1pd7M8P+dck6Fu/jJeL6iVVK23fptSUZj8Vjf++7wXA8UNclGQcbA==",
            "dev": true,
            "requires": {
                "loose-envify": "^1.1.0",
                "object-assign": "^4.1.1"
            }
        },
        "react-dom": {
            "version": "17.0.2",
            "resolved": "https://registry.npmjs.org/react-dom/-/react-dom-17.0.2.tgz",
            "integrity": "sha512-s4h96KtLDUQlsENhMn1ar8t2bEa+q/YAtj8pPPdIjPDGBDIVNsrD9aXNWqspUe6AzKCIG0C1HZZLqLV7qpOBGA==",
            "dev": true,
            "requires": {
                "loose-envify": "^1.1.0",
                "object-assign": "^4.1.1",
                "scheduler": "^0.20.2"
            }
        },
        "reselect": {
            "version": "4.1.5",
            "resolved": "https://registry.npmjs.org/reselect/-/reselect-4.1.5.tgz",
            "integrity": "sha512-uVdlz8J7OO+ASpBYoz1Zypgx0KasCY20H+N8JD13oUMtPvSHQuscrHop4KbXrbsBcdB9Ds7lVK7eRkBIfO43vQ=="
        },
        "scheduler": {
            "version": "0.20.2",
            "resolved": "https://registry.npmjs.org/scheduler/-/scheduler-0.20.2.tgz",
            "integrity": "sha512-2eWfGgAqqWFGqtdMmcL5zCMK1U8KlXv8SQFGglL3CEtd0aDVDWgeF/YoCmvln55m5zSk3J/20hTaSBeSObsQDQ==",
            "dev": true,
            "requires": {
                "loose-envify": "^1.1.0",
                "object-assign": "^4.1.1"
            }
        },
        "typescript": {
            "version": "4.5.4",
            "resolved": "https://registry.npmjs.org/typescript/-/typescript-4.5.4.tgz",
            "integrity": "sha512-VgYs2A2QIRuGphtzFV7aQJduJ2gyfTljngLzjpfW9FoYZF6xuw1W0vW9ghCKLfcWrCFxK81CSGRAvS1pn4fIUg==",
            "dev": true
        }
    }
}
