{
    "name": "@moderepo/mode-apis",
    "version": "0.2.20",
    "lockfileVersion": 1,
    "requires": true,
    "dependencies": {
        "@moderepo/mode-apis-base": {
            "version": "0.1.14",
            "resolved": "https://npm.pkg.github.com/download/@moderepo/mode-apis-base/0.1.14/082085846d7cc5b74912959feec06d90c4b838b1",
            "integrity": "sha512-r54l3zk0INwsz6LuQMIgT9A4KP6VHbCd/wHAvg3TNQcqKOdJ7JqNSJbH4pQROpFVVyfENKANjLnlUpv1pd9Qmw==",
            "requires": {
                "axios": "^0.24.0"
            }
        },
        "axios": {
            "version": "0.24.0",
            "resolved": "https://registry.npmjs.org/axios/-/axios-0.24.0.tgz",
            "integrity": "sha512-Q6cWsys88HoPgAaFAVUb0WpPk0O8iTeisR9IMqy9G8AbO4NlpVknrnQS03zzF9PGAWgO3cgletO3VjV/P7VztA==",
            "requires": {
                "follow-redirects": "^1.14.4"
            }
        },
        "follow-redirects": {
            "version": "1.15.1",
            "resolved": "https://registry.npmjs.org/follow-redirects/-/follow-redirects-1.15.1.tgz",
            "integrity": "sha512-yLAMQs+k0b2m7cVxpS1VKJVvoz7SS9Td1zss3XRwXj+ZDH00RJgnuLx7E44wx02kQLrdM3aOOy+FpzS7+8OizA=="
        },
        "typescript": {
            "version": "4.7.4",
            "resolved": "https://registry.npmjs.org/typescript/-/typescript-4.7.4.tgz",
            "integrity": "sha512-C0WQT0gezHuw6AdY1M2jxUO83Rjf0HP7Sk1DtXj6j1EwkQNZrHAg2XPWlq62oqEhYvONq5pkC2Y9oPljWToLmQ==",
            "dev": true
        }
    }
}
