{
    "name": "@moderepo/mode-apis",
    "version": "0.2.3",
    "lockfileVersion": 1,
    "requires": true,
    "dependencies": {
        "@moderepo/mode-apis-base": {
            "version": "0.1.4",
            "resolved": "https://npm.pkg.github.com/download/@moderepo/mode-apis-base/0.1.4/4631e1a41cac2ffdd477b5a822c01a141f747b921094e90b0cef5847eec8b0bf",
            "integrity": "sha512-rtiaK11RgeELJaTLbrpvOvj98U+mM9q7EsVb/eWnRojF84L3y78aOQV9DfB6YnuxwMkr8ARMbaGfaxnBUieJfw==",
            "requires": {
                "axios": "^0.24.0"
            }
        },
        "axios": {
            "version": "0.24.0",
            "resolved": "https://registry.npmjs.org/axios/-/axios-0.24.0.tgz",
            "integrity": "sha512-Q6cWsys88HoPgAaFAVUb0WpPk0O8iTeisR9IMqy9G8AbO4NlpVknrnQS03zzF9PGAWgO3cgletO3VjV/P7VztA==",
            "requires": {
                "follow-redirects": "^1.14.4"
            }
        },
        "follow-redirects": {
            "version": "1.14.8",
            "resolved": "https://registry.npmjs.org/follow-redirects/-/follow-redirects-1.14.8.tgz",
            "integrity": "sha512-1x0S9UVJHsQprFcEC/qnNzBLcIxsjAV905f/UkQxbclCsoTWlacCNOpQa/anodLl2uaEKFhfWOvM2Qg77+15zA=="
        },
        "typescript": {
            "version": "4.5.4",
            "resolved": "https://registry.npmjs.org/typescript/-/typescript-4.5.4.tgz",
            "integrity": "sha512-VgYs2A2QIRuGphtzFV7aQJduJ2gyfTljngLzjpfW9FoYZF6xuw1W0vW9ghCKLfcWrCFxK81CSGRAvS1pn4fIUg==",
            "dev": true
        }
    }
}
